{
  "name": "shocking-mole",
  "version": "0.0.0",
  "lockfileVersion": 1,
  "dependencies": {
    "@akashic-extension/akashic-animation": {
      "version": "2.6.2",
      "resolved": "https://registry.npmjs.org/@akashic-extension/akashic-animation/-/akashic-animation-2.6.2.tgz",
      "integrity": "sha1-pn+iZu5UTMJP+EuGdrK5kPPhhNo="
    },
    "@akashic-extension/akashic-timeline": {
      "version": "0.4.2",
      "resolved": "https://registry.npmjs.org/@akashic-extension/akashic-timeline/-/akashic-timeline-0.4.2.tgz",
      "integrity": "sha1-ghbm6QZhhYVtPNQTCLXsOqSLwAA="
    }
  }
}
